
Microsoft Visual Studio Solution File, Format Version 12.00
# Visual Studio Version 16
VisualStudioVersion = 16.0.29215.179
MinimumVisualStudioVersion = 10.0.40219.1
Project("{FAE04EC0-301F-11D3-BF4B-00C04F79EFBC}") = "HomeLibraryApp.UWP", "HomeLibraryApp\HomeLibraryApp.UWP\HomeLibraryApp.UWP.csproj", "{D806A709-86C5-47E0-ADBD-21D14BB3F798}"
EndProject
Project("{FAE04EC0-301F-11D3-BF4B-00C04F79EFBC}") = "HomeLibraryApp.Android", "HomeLibraryApp\HomeLibraryApp.Android\HomeLibraryApp.Android.csproj", "{90A7095A-7AA4-474F-B350-21CAFEFC0861}"
EndProject
Project("{FAE04EC0-301F-11D3-BF4B-00C04F79EFBC}") = "HomeLibraryApp.iOS", "HomeLibraryApp\HomeLibraryApp.iOS\HomeLibraryApp.iOS.csproj", "{4EBF7248-E025-47E4-B1AA-1FB3306C63DF}"
EndProject
Project("{9A19103F-16F7-4668-BE54-9A1E7A4F7556}") = "HomeLibraryApp", "HomeLibraryApp\HomeLibraryApp\HomeLibraryApp.csproj", "{B8F41BB6-44A4-4984-A47D-2FF3947F8A66}"
EndProject
Project("{FAE04EC0-301F-11D3-BF4B-00C04F79EFBC}") = "HomeLibraryAppTest", "HomeLibraryAppTest\HomeLibraryAppTest.csproj", "{41EEBA04-558D-49A3-9788-B714E9D44B07}"
EndProject
Global
	GlobalSection(SolutionConfigurationPlatforms) = preSolution
		Debug|Any CPU = Debug|Any CPU
		Debug|ARM = Debug|ARM
		Debug|iPhone = Debug|iPhone
		Debug|iPhoneSimulator = Debug|iPhoneSimulator
		Debug|x64 = Debug|x64
		Debug|x86 = Debug|x86
		Release|Any CPU = Release|Any CPU
		Release|ARM = Release|ARM
		Release|iPhone = Release|iPhone
		Release|iPhoneSimulator = Release|iPhoneSimulator
		Release|x64 = Release|x64
		Release|x86 = Release|x86
	EndGlobalSection
	GlobalSection(ProjectConfigurationPlatforms) = postSolution
		{D806A709-86C5-47E0-ADBD-21D14BB3F798}.Debug|Any CPU.ActiveCfg = Debug|x86
		{D806A709-86C5-47E0-ADBD-21D14BB3F798}.Debug|Any CPU.Build.0 = Debug|x86
		{D806A709-86C5-47E0-ADBD-21D14BB3F798}.Debug|Any CPU.Deploy.0 = Debug|x86
		{D806A709-86C5-47E0-ADBD-21D14BB3F798}.Debug|ARM.ActiveCfg = Debug|ARM
		{D806A709-86C5-47E0-ADBD-21D14BB3F798}.Debug|ARM.Build.0 = Debug|ARM
		{D806A709-86C5-47E0-ADBD-21D14BB3F798}.Debug|ARM.Deploy.0 = Debug|ARM
		{D806A709-86C5-47E0-ADBD-21D14BB3F798}.Debug|iPhone.ActiveCfg = Debug|x86
		{D806A709-86C5-47E0-ADBD-21D14BB3F798}.Debug|iPhone.Build.0 = Debug|x86
		{D806A709-86C5-47E0-ADBD-21D14BB3F798}.Debug|iPhone.Deploy.0 = Debug|x86
		{D806A709-86C5-47E0-ADBD-21D14BB3F798}.Debug|iPhoneSimulator.ActiveCfg = Debug|x86
		{D806A709-86C5-47E0-ADBD-21D14BB3F798}.Debug|iPhoneSimulator.Build.0 = Debug|x86
		{D806A709-86C5-47E0-ADBD-21D14BB3F798}.Debug|iPhoneSimulator.Deploy.0 = Debug|x86
		{D806A709-86C5-47E0-ADBD-21D14BB3F798}.Debug|x64.ActiveCfg = Debug|x64
		{D806A709-86C5-47E0-ADBD-21D14BB3F798}.Debug|x64.Build.0 = Debug|x64
		{D806A709-86C5-47E0-ADBD-21D14BB3F798}.Debug|x64.Deploy.0 = Debug|x64
		{D806A709-86C5-47E0-ADBD-21D14BB3F798}.Debug|x86.ActiveCfg = Debug|x86
		{D806A709-86C5-47E0-ADBD-21D14BB3F798}.Debug|x86.Build.0 = Debug|x86
		{D806A709-86C5-47E0-ADBD-21D14BB3F798}.Debug|x86.Deploy.0 = Debug|x86
		{D806A709-86C5-47E0-ADBD-21D14BB3F798}.Release|Any CPU.ActiveCfg = Release|x86
		{D806A709-86C5-47E0-ADBD-21D14BB3F798}.Release|Any CPU.Build.0 = Release|x86
		{D806A709-86C5-47E0-ADBD-21D14BB3F798}.Release|Any CPU.Deploy.0 = Release|x86
		{D806A709-86C5-47E0-ADBD-21D14BB3F798}.Release|ARM.ActiveCfg = Release|ARM
		{D806A709-86C5-47E0-ADBD-21D14BB3F798}.Release|ARM.Build.0 = Release|ARM
		{D806A709-86C5-47E0-ADBD-21D14BB3F798}.Release|ARM.Deploy.0 = Release|ARM
		{D806A709-86C5-47E0-ADBD-21D14BB3F798}.Release|iPhone.ActiveCfg = Release|x86
		{D806A709-86C5-47E0-ADBD-21D14BB3F798}.Release|iPhone.Build.0 = Release|x86
		{D806A709-86C5-47E0-ADBD-21D14BB3F798}.Release|iPhone.Deploy.0 = Release|x86
		{D806A709-86C5-47E0-ADBD-21D14BB3F798}.Release|iPhoneSimulator.ActiveCfg = Release|x86
		{D806A709-86C5-47E0-ADBD-21D14BB3F798}.Release|iPhoneSimulator.Build.0 = Release|x86
		{D806A709-86C5-47E0-ADBD-21D14BB3F798}.Release|iPhoneSimulator.Deploy.0 = Release|x86
		{D806A709-86C5-47E0-ADBD-21D14BB3F798}.Release|x64.ActiveCfg = Release|x64
		{D806A709-86C5-47E0-ADBD-21D14BB3F798}.Release|x64.Build.0 = Release|x64
		{D806A709-86C5-47E0-ADBD-21D14BB3F798}.Release|x64.Deploy.0 = Release|x64
		{D806A709-86C5-47E0-ADBD-21D14BB3F798}.Release|x86.ActiveCfg = Release|x86
		{D806A709-86C5-47E0-ADBD-21D14BB3F798}.Release|x86.Build.0 = Release|x86
		{D806A709-86C5-47E0-ADBD-21D14BB3F798}.Release|x86.Deploy.0 = Release|x86
		{90A7095A-7AA4-474F-B350-21CAFEFC0861}.Debug|Any CPU.ActiveCfg = Debug|Any CPU
		{90A7095A-7AA4-474F-B350-21CAFEFC0861}.Debug|Any CPU.Build.0 = Debug|Any CPU
		{90A7095A-7AA4-474F-B350-21CAFEFC0861}.Debug|Any CPU.Deploy.0 = Debug|Any CPU
		{90A7095A-7AA4-474F-B350-21CAFEFC0861}.Debug|ARM.ActiveCfg = Debug|Any CPU
		{90A7095A-7AA4-474F-B350-21CAFEFC0861}.Debug|ARM.Build.0 = Debug|Any CPU
		{90A7095A-7AA4-474F-B350-21CAFEFC0861}.Debug|ARM.Deploy.0 = Debug|Any CPU
		{90A7095A-7AA4-474F-B350-21CAFEFC0861}.Debug|iPhone.ActiveCfg = Debug|Any CPU
		{90A7095A-7AA4-474F-B350-21CAFEFC0861}.Debug|iPhone.Build.0 = Debug|Any CPU
		{90A7095A-7AA4-474F-B350-21CAFEFC0861}.Debug|iPhone.Deploy.0 = Debug|Any CPU
		{90A7095A-7AA4-474F-B350-21CAFEFC0861}.Debug|iPhoneSimulator.ActiveCfg = Debug|Any CPU
		{90A7095A-7AA4-474F-B350-21CAFEFC0861}.Debug|iPhoneSimulator.Build.0 = Debug|Any CPU
		{90A7095A-7AA4-474F-B350-21CAFEFC0861}.Debug|iPhoneSimulator.Deploy.0 = Debug|Any CPU
		{90A7095A-7AA4-474F-B350-21CAFEFC0861}.Debug|x64.ActiveCfg = Debug|Any CPU
		{90A7095A-7AA4-474F-B350-21CAFEFC0861}.Debug|x64.Build.0 = Debug|Any CPU
		{90A7095A-7AA4-474F-B350-21CAFEFC0861}.Debug|x64.Deploy.0 = Debug|Any CPU
		{90A7095A-7AA4-474F-B350-21CAFEFC0861}.Debug|x86.ActiveCfg = Debug|Any CPU
		{90A7095A-7AA4-474F-B350-21CAFEFC0861}.Debug|x86.Build.0 = Debug|Any CPU
		{90A7095A-7AA4-474F-B350-21CAFEFC0861}.Debug|x86.Deploy.0 = Debug|Any CPU
		{90A7095A-7AA4-474F-B350-21CAFEFC0861}.Release|Any CPU.ActiveCfg = Release|Any CPU
		{90A7095A-7AA4-474F-B350-21CAFEFC0861}.Release|Any CPU.Build.0 = Release|Any CPU
		{90A7095A-7AA4-474F-B350-21CAFEFC0861}.Release|Any CPU.Deploy.0 = Release|Any CPU
		{90A7095A-7AA4-474F-B350-21CAFEFC0861}.Release|ARM.ActiveCfg = Release|Any CPU
		{90A7095A-7AA4-474F-B350-21CAFEFC0861}.Release|ARM.Build.0 = Release|Any CPU
		{90A7095A-7AA4-474F-B350-21CAFEFC0861}.Release|ARM.Deploy.0 = Release|Any CPU
		{90A7095A-7AA4-474F-B350-21CAFEFC0861}.Release|iPhone.ActiveCfg = Release|Any CPU
		{90A7095A-7AA4-474F-B350-21CAFEFC0861}.Release|iPhone.Build.0 = Release|Any CPU
		{90A7095A-7AA4-474F-B350-21CAFEFC0861}.Release|iPhone.Deploy.0 = Release|Any CPU
		{90A7095A-7AA4-474F-B350-21CAFEFC0861}.Release|iPhoneSimulator.ActiveCfg = Release|Any CPU
		{90A7095A-7AA4-474F-B350-21CAFEFC0861}.Release|iPhoneSimulator.Build.0 = Release|Any CPU
		{90A7095A-7AA4-474F-B350-21CAFEFC0861}.Release|iPhoneSimulator.Deploy.0 = Release|Any CPU
		{90A7095A-7AA4-474F-B350-21CAFEFC0861}.Release|x64.ActiveCfg = Release|Any CPU
		{90A7095A-7AA4-474F-B350-21CAFEFC0861}.Release|x64.Build.0 = Release|Any CPU
		{90A7095A-7AA4-474F-B350-21CAFEFC0861}.Release|x64.Deploy.0 = Release|Any CPU
		{90A7095A-7AA4-474F-B350-21CAFEFC0861}.Release|x86.ActiveCfg = Release|Any CPU
		{90A7095A-7AA4-474F-B350-21CAFEFC0861}.Release|x86.Build.0 = Release|Any CPU
		{90A7095A-7AA4-474F-B350-21CAFEFC0861}.Release|x86.Deploy.0 = Release|Any CPU
		{4EBF7248-E025-47E4-B1AA-1FB3306C63DF}.Debug|Any CPU.ActiveCfg = Debug|iPhone
		{4EBF7248-E025-47E4-B1AA-1FB3306C63DF}.Debug|Any CPU.Build.0 = Debug|iPhone
		{4EBF7248-E025-47E4-B1AA-1FB3306C63DF}.Debug|Any CPU.Deploy.0 = Debug|iPhone
		{4EBF7248-E025-47E4-B1AA-1FB3306C63DF}.Debug|ARM.ActiveCfg = Debug|iPhoneSimulator
		{4EBF7248-E025-47E4-B1AA-1FB3306C63DF}.Debug|ARM.Build.0 = Debug|iPhoneSimulator
		{4EBF7248-E025-47E4-B1AA-1FB3306C63DF}.Debug|ARM.Deploy.0 = Debug|iPhoneSimulator
		{4EBF7248-E025-47E4-B1AA-1FB3306C63DF}.Debug|iPhone.ActiveCfg = Debug|iPhone
		{4EBF7248-E025-47E4-B1AA-1FB3306C63DF}.Debug|iPhone.Build.0 = Debug|iPhone
		{4EBF7248-E025-47E4-B1AA-1FB3306C63DF}.Debug|iPhone.Deploy.0 = Debug|iPhone
		{4EBF7248-E025-47E4-B1AA-1FB3306C63DF}.Debug|iPhoneSimulator.ActiveCfg = Debug|iPhoneSimulator
		{4EBF7248-E025-47E4-B1AA-1FB3306C63DF}.Debug|iPhoneSimulator.Build.0 = Debug|iPhoneSimulator
		{4EBF7248-E025-47E4-B1AA-1FB3306C63DF}.Debug|iPhoneSimulator.Deploy.0 = Debug|iPhoneSimulator
		{4EBF7248-E025-47E4-B1AA-1FB3306C63DF}.Debug|x64.ActiveCfg = Debug|iPhone
		{4EBF7248-E025-47E4-B1AA-1FB3306C63DF}.Debug|x64.Build.0 = Debug|iPhone
		{4EBF7248-E025-47E4-B1AA-1FB3306C63DF}.Debug|x64.Deploy.0 = Debug|iPhone
		{4EBF7248-E025-47E4-B1AA-1FB3306C63DF}.Debug|x86.ActiveCfg = Debug|iPhone
		{4EBF7248-E025-47E4-B1AA-1FB3306C63DF}.Debug|x86.Build.0 = Debug|iPhone
		{4EBF7248-E025-47E4-B1AA-1FB3306C63DF}.Debug|x86.Deploy.0 = Debug|iPhone
		{4EBF7248-E025-47E4-B1AA-1FB3306C63DF}.Release|Any CPU.ActiveCfg = Release|iPhone
		{4EBF7248-E025-47E4-B1AA-1FB3306C63DF}.Release|Any CPU.Build.0 = Release|iPhone
		{4EBF7248-E025-47E4-B1AA-1FB3306C63DF}.Release|Any CPU.Deploy.0 = Release|iPhone
		{4EBF7248-E025-47E4-B1AA-1FB3306C63DF}.Release|ARM.ActiveCfg = Release|iPhone
		{4EBF7248-E025-47E4-B1AA-1FB3306C63DF}.Release|ARM.Build.0 = Release|iPhone
		{4EBF7248-E025-47E4-B1AA-1FB3306C63DF}.Release|ARM.Deploy.0 = Release|iPhone
		{4EBF7248-E025-47E4-B1AA-1FB3306C63DF}.Release|iPhone.ActiveCfg = Release|iPhone
		{4EBF7248-E025-47E4-B1AA-1FB3306C63DF}.Release|iPhone.Build.0 = Release|iPhone
		{4EBF7248-E025-47E4-B1AA-1FB3306C63DF}.Release|iPhone.Deploy.0 = Release|iPhone
		{4EBF7248-E025-47E4-B1AA-1FB3306C63DF}.Release|iPhoneSimulator.ActiveCfg = Release|iPhoneSimulator
		{4EBF7248-E025-47E4-B1AA-1FB3306C63DF}.Release|iPhoneSimulator.Build.0 = Release|iPhoneSimulator
		{4EBF7248-E025-47E4-B1AA-1FB3306C63DF}.Release|iPhoneSimulator.Deploy.0 = Release|iPhoneSimulator
		{4EBF7248-E025-47E4-B1AA-1FB3306C63DF}.Release|x64.ActiveCfg = Release|iPhone
		{4EBF7248-E025-47E4-B1AA-1FB3306C63DF}.Release|x64.Build.0 = Release|iPhone
		{4EBF7248-E025-47E4-B1AA-1FB3306C63DF}.Release|x64.Deploy.0 = Release|iPhone
		{4EBF7248-E025-47E4-B1AA-1FB3306C63DF}.Release|x86.ActiveCfg = Release|iPhone
		{4EBF7248-E025-47E4-B1AA-1FB3306C63DF}.Release|x86.Build.0 = Release|iPhone
		{4EBF7248-E025-47E4-B1AA-1FB3306C63DF}.Release|x86.Deploy.0 = Release|iPhone
		{B8F41BB6-44A4-4984-A47D-2FF3947F8A66}.Debug|Any CPU.ActiveCfg = Debug|Any CPU
		{B8F41BB6-44A4-4984-A47D-2FF3947F8A66}.Debug|Any CPU.Build.0 = Debug|Any CPU
		{B8F41BB6-44A4-4984-A47D-2FF3947F8A66}.Debug|Any CPU.Deploy.0 = Debug|Any CPU
		{B8F41BB6-44A4-4984-A47D-2FF3947F8A66}.Debug|ARM.ActiveCfg = Debug|Any CPU
		{B8F41BB6-44A4-4984-A47D-2FF3947F8A66}.Debug|ARM.Build.0 = Debug|Any CPU
		{B8F41BB6-44A4-4984-A47D-2FF3947F8A66}.Debug|ARM.Deploy.0 = Debug|Any CPU
		{B8F41BB6-44A4-4984-A47D-2FF3947F8A66}.Debug|iPhone.ActiveCfg = Debug|Any CPU
		{B8F41BB6-44A4-4984-A47D-2FF3947F8A66}.Debug|iPhone.Build.0 = Debug|Any CPU
		{B8F41BB6-44A4-4984-A47D-2FF3947F8A66}.Debug|iPhone.Deploy.0 = Debug|Any CPU
		{B8F41BB6-44A4-4984-A47D-2FF3947F8A66}.Debug|iPhoneSimulator.ActiveCfg = Debug|Any CPU
		{B8F41BB6-44A4-4984-A47D-2FF3947F8A66}.Debug|iPhoneSimulator.Build.0 = Debug|Any CPU
		{B8F41BB6-44A4-4984-A47D-2FF3947F8A66}.Debug|iPhoneSimulator.Deploy.0 = Debug|Any CPU
		{B8F41BB6-44A4-4984-A47D-2FF3947F8A66}.Debug|x64.ActiveCfg = Debug|Any CPU
		{B8F41BB6-44A4-4984-A47D-2FF3947F8A66}.Debug|x64.Build.0 = Debug|Any CPU
		{B8F41BB6-44A4-4984-A47D-2FF3947F8A66}.Debug|x64.Deploy.0 = Debug|Any CPU
		{B8F41BB6-44A4-4984-A47D-2FF3947F8A66}.Debug|x86.ActiveCfg = Debug|Any CPU
		{B8F41BB6-44A4-4984-A47D-2FF3947F8A66}.Debug|x86.Build.0 = Debug|Any CPU
		{B8F41BB6-44A4-4984-A47D-2FF3947F8A66}.Debug|x86.Deploy.0 = Debug|Any CPU
		{B8F41BB6-44A4-4984-A47D-2FF3947F8A66}.Release|Any CPU.ActiveCfg = Release|Any CPU
		{B8F41BB6-44A4-4984-A47D-2FF3947F8A66}.Release|Any CPU.Build.0 = Release|Any CPU
		{B8F41BB6-44A4-4984-A47D-2FF3947F8A66}.Release|Any CPU.Deploy.0 = Release|Any CPU
		{B8F41BB6-44A4-4984-A47D-2FF3947F8A66}.Release|ARM.ActiveCfg = Release|Any CPU
		{B8F41BB6-44A4-4984-A47D-2FF3947F8A66}.Release|ARM.Build.0 = Release|Any CPU
		{B8F41BB6-44A4-4984-A47D-2FF3947F8A66}.Release|ARM.Deploy.0 = Release|Any CPU
		{B8F41BB6-44A4-4984-A47D-2FF3947F8A66}.Release|iPhone.ActiveCfg = Release|Any CPU
		{B8F41BB6-44A4-4984-A47D-2FF3947F8A66}.Release|iPhone.Build.0 = Release|Any CPU
		{B8F41BB6-44A4-4984-A47D-2FF3947F8A66}.Release|iPhone.Deploy.0 = Release|Any CPU
		{B8F41BB6-44A4-4984-A47D-2FF3947F8A66}.Release|iPhoneSimulator.ActiveCfg = Release|Any CPU
		{B8F41BB6-44A4-4984-A47D-2FF3947F8A66}.Release|iPhoneSimulator.Build.0 = Release|Any CPU
		{B8F41BB6-44A4-4984-A47D-2FF3947F8A66}.Release|iPhoneSimulator.Deploy.0 = Release|Any CPU
		{B8F41BB6-44A4-4984-A47D-2FF3947F8A66}.Release|x64.ActiveCfg = Release|Any CPU
		{B8F41BB6-44A4-4984-A47D-2FF3947F8A66}.Release|x64.Build.0 = Release|Any CPU
		{B8F41BB6-44A4-4984-A47D-2FF3947F8A66}.Release|x64.Deploy.0 = Release|Any CPU
		{B8F41BB6-44A4-4984-A47D-2FF3947F8A66}.Release|x86.ActiveCfg = Release|Any CPU
		{B8F41BB6-44A4-4984-A47D-2FF3947F8A66}.Release|x86.Build.0 = Release|Any CPU
		{B8F41BB6-44A4-4984-A47D-2FF3947F8A66}.Release|x86.Deploy.0 = Release|Any CPU
		{41EEBA04-558D-49A3-9788-B714E9D44B07}.Debug|Any CPU.ActiveCfg = Debug|Any CPU
		{41EEBA04-558D-49A3-9788-B714E9D44B07}.Debug|Any CPU.Build.0 = Debug|Any CPU
		{41EEBA04-558D-49A3-9788-B714E9D44B07}.Debug|ARM.ActiveCfg = Debug|Any CPU
		{41EEBA04-558D-49A3-9788-B714E9D44B07}.Debug|ARM.Build.0 = Debug|Any CPU
		{41EEBA04-558D-49A3-9788-B714E9D44B07}.Debug|iPhone.ActiveCfg = Debug|Any CPU
		{41EEBA04-558D-49A3-9788-B714E9D44B07}.Debug|iPhone.Build.0 = Debug|Any CPU
		{41EEBA04-558D-49A3-9788-B714E9D44B07}.Debug|iPhoneSimulator.ActiveCfg = Debug|Any CPU
		{41EEBA04-558D-49A3-9788-B714E9D44B07}.Debug|iPhoneSimulator.Build.0 = Debug|Any CPU
		{41EEBA04-558D-49A3-9788-B714E9D44B07}.Debug|x64.ActiveCfg = Debug|Any CPU
		{41EEBA04-558D-49A3-9788-B714E9D44B07}.Debug|x64.Build.0 = Debug|Any CPU
		{41EEBA04-558D-49A3-9788-B714E9D44B07}.Debug|x86.ActiveCfg = Debug|Any CPU
		{41EEBA04-558D-49A3-9788-B714E9D44B07}.Debug|x86.Build.0 = Debug|Any CPU
		{41EEBA04-558D-49A3-9788-B714E9D44B07}.Release|Any CPU.ActiveCfg = Release|Any CPU
		{41EEBA04-558D-49A3-9788-B714E9D44B07}.Release|Any CPU.Build.0 = Release|Any CPU
		{41EEBA04-558D-49A3-9788-B714E9D44B07}.Release|ARM.ActiveCfg = Release|Any CPU
		{41EEBA04-558D-49A3-9788-B714E9D44B07}.Release|ARM.Build.0 = Release|Any CPU
		{41EEBA04-558D-49A3-9788-B714E9D44B07}.Release|iPhone.ActiveCfg = Release|Any CPU
		{41EEBA04-558D-49A3-9788-B714E9D44B07}.Release|iPhone.Build.0 = Release|Any CPU
		{41EEBA04-558D-49A3-9788-B714E9D44B07}.Release|iPhoneSimulator.ActiveCfg = Release|Any CPU
		{41EEBA04-558D-49A3-9788-B714E9D44B07}.Release|iPhoneSimulator.Build.0 = Release|Any CPU
		{41EEBA04-558D-49A3-9788-B714E9D44B07}.Release|x64.ActiveCfg = Release|Any CPU
		{41EEBA04-558D-49A3-9788-B714E9D44B07}.Release|x64.Build.0 = Release|Any CPU
		{41EEBA04-558D-49A3-9788-B714E9D44B07}.Release|x86.ActiveCfg = Release|Any CPU
		{41EEBA04-558D-49A3-9788-B714E9D44B07}.Release|x86.Build.0 = Release|Any CPU
	EndGlobalSection
	GlobalSection(SolutionProperties) = preSolution
		HideSolutionNode = FALSE
	EndGlobalSection
	GlobalSection(ExtensibilityGlobals) = postSolution
		SolutionGuid = {0AA43376-1B1C-4834-897B-4CFF853DED81}
	EndGlobalSection
EndGlobal
